
Microsoft Visual Studio Solution File, Format Version 12.00
Project("{2150E333-8FDC-42A3-9474-1A3956D46DE8}") = "src", "src", "{761DAF7D-1B64-40CE-AB3C-27D4AF6A74DA}"
EndProject
Project("{2150E333-8FDC-42A3-9474-1A3956D46DE8}") = "Board", "Board", "{444BB08A-2D9D-410C-B887-0C7E6BBD8E04}"
EndProject
Project("{2150E333-8FDC-42A3-9474-1A3956D46DE8}") = "Common", "Common", "{D5B9B420-009D-478C-A415-60B77231EFFD}"
EndProject
Project("{2150E333-8FDC-42A3-9474-1A3956D46DE8}") = "Application", "Application", "{C41532DC-4EF0-4C38-A162-0219CB91DF5C}"
EndProject
Project("{2150E333-8FDC-42A3-9474-1A3956D46DE8}") = "Contracts", "Contracts", "{53EAC2DF-3CDF-4992-9419-FA1D59E51DDD}"
EndProject
Project("{2150E333-8FDC-42A3-9474-1A3956D46DE8}") = "Domain", "Domain", "{BE972CA2-1E22-439B-9D7F-7B097EB56A87}"
EndProject
Project("{2150E333-8FDC-42A3-9474-1A3956D46DE8}") = "Host", "Host", "{B3CE4FB7-6DA2-4CF8-9B48-522A031DF85D}"
EndProject
Project("{2150E333-8FDC-42A3-9474-1A3956D46DE8}") = "Infrastructure", "Infrastructure", "{FFE05BEB-8AAE-4963-A7D2-0B754A86AB7E}"
EndProject
Global
	GlobalSection(SolutionConfigurationPlatforms) = preSolution
		Debug|Any CPU = Debug|Any CPU
		Release|Any CPU = Release|Any CPU
	EndGlobalSection
	GlobalSection(NestedProjects) = preSolution
		{444BB08A-2D9D-410C-B887-0C7E6BBD8E04} = {761DAF7D-1B64-40CE-AB3C-27D4AF6A74DA}
		{D5B9B420-009D-478C-A415-60B77231EFFD} = {761DAF7D-1B64-40CE-AB3C-27D4AF6A74DA}
		{C41532DC-4EF0-4C38-A162-0219CB91DF5C} = {444BB08A-2D9D-410C-B887-0C7E6BBD8E04}
		{53EAC2DF-3CDF-4992-9419-FA1D59E51DDD} = {444BB08A-2D9D-410C-B887-0C7E6BBD8E04}
		{BE972CA2-1E22-439B-9D7F-7B097EB56A87} = {444BB08A-2D9D-410C-B887-0C7E6BBD8E04}
		{B3CE4FB7-6DA2-4CF8-9B48-522A031DF85D} = {444BB08A-2D9D-410C-B887-0C7E6BBD8E04}
		{FFE05BEB-8AAE-4963-A7D2-0B754A86AB7E} = {444BB08A-2D9D-410C-B887-0C7E6BBD8E04}
	EndGlobalSection
EndGlobal
