
Microsoft Visual Studio Solution File, Format Version 12.00
# Visual Studio Version 17
VisualStudioVersion = 17.8.34330.188
MinimumVisualStudioVersion = 10.0.40219.1
Project("{2150E333-8FDC-42A3-9474-1A3956D46DE8}") = "src", "src", "{761DAF7D-1B64-40CE-AB3C-27D4AF6A74DA}"
EndProject
Project("{2150E333-8FDC-42A3-9474-1A3956D46DE8}") = "Board", "Board", "{444BB08A-2D9D-410C-B887-0C7E6BBD8E04}"
EndProject
Project("{2150E333-8FDC-42A3-9474-1A3956D46DE8}") = "Common", "Common", "{D5B9B420-009D-478C-A415-60B77231EFFD}"
EndProject
Project("{2150E333-8FDC-42A3-9474-1A3956D46DE8}") = "Application", "Application", "{C41532DC-4EF0-4C38-A162-0219CB91DF5C}"
EndProject
Project("{2150E333-8FDC-42A3-9474-1A3956D46DE8}") = "Contracts", "Contracts", "{53EAC2DF-3CDF-4992-9419-FA1D59E51DDD}"
EndProject
Project("{2150E333-8FDC-42A3-9474-1A3956D46DE8}") = "Domain", "Domain", "{BE972CA2-1E22-439B-9D7F-7B097EB56A87}"
EndProject
Project("{2150E333-8FDC-42A3-9474-1A3956D46DE8}") = "Host", "Host", "{B3CE4FB7-6DA2-4CF8-9B48-522A031DF85D}"
EndProject
Project("{2150E333-8FDC-42A3-9474-1A3956D46DE8}") = "Infrastructure", "Infrastructure", "{FFE05BEB-8AAE-4963-A7D2-0B754A86AB7E}"
EndProject
Project("{9A19103F-16F7-4668-BE54-9A1E7A4F7556}") = "Board.Application.AppData", "src\Board\Application\Board.Application.AppData\Board.Application.AppData.csproj", "{7CE8AEDA-1850-4B76-8497-AFDFCCAE3CA0}"
EndProject
Project("{9A19103F-16F7-4668-BE54-9A1E7A4F7556}") = "Board.Contracts", "src\Board\Contracts\Board.Contracts\Board.Contracts.csproj", "{02B9EE5B-C90C-48FB-B8C2-FE9C8A8F0190}"
EndProject
Project("{9A19103F-16F7-4668-BE54-9A1E7A4F7556}") = "Board.Domain", "src\Board\Domain\Board.Domain\Board.Domain.csproj", "{EA4B8772-CA7F-480F-A0E9-829874DB8302}"
EndProject
Project("{9A19103F-16F7-4668-BE54-9A1E7A4F7556}") = "Board.Infrastructure.DataAccess", "src\Board\Infrastructure\Board.Infrastructure.DataAccess\Board.Infrastructure.DataAccess.csproj", "{4FA4D369-4963-4912-99D5-8D358BC6F47A}"
EndProject
Project("{9A19103F-16F7-4668-BE54-9A1E7A4F7556}") = "Board.Infrastructure", "src\Board\Infrastructure\Board.Infrastructure\Board.Infrastructure.csproj", "{3DA3B331-9F93-4FBC-A794-E54C47AE2B6F}"
EndProject
Project("{9A19103F-16F7-4668-BE54-9A1E7A4F7556}") = "Board.Host.Api", "src\Board\Host\Board.Host.Api\Board.Host.Api.csproj", "{06CF7150-E507-4C64-A58C-5BF9B0C5FC14}"
EndProject
Project("{9A19103F-16F7-4668-BE54-9A1E7A4F7556}") = "Board.Host.Migrator", "src\Board\Host\Board.Host.Migrator\Board.Host.Migrator.csproj", "{AF915E9D-50F7-48F7-BDAA-E4F663A8CA29}"
EndProject
Project("{2150E333-8FDC-42A3-9474-1A3956D46DE8}") = "tests", "tests", "{E4FCBF8D-6CBF-4BC8-B2BB-965513EE45E3}"
EndProject
Project("{9A19103F-16F7-4668-BE54-9A1E7A4F7556}") = "Api.Tests", "tests\Api.Tests\Api.Tests.csproj", "{2EEBE068-A499-49A6-9C83-F2AD048A687C}"
EndProject
Project("{E53339B2-1760-4266-BCC7-CA923CBCF16C}") = "docker-compose", "docker-compose.dcproj", "{6CB96996-1A6F-44B5-9F10-DBD6D2FDC9E0}"
EndProject
Global
	GlobalSection(SolutionConfigurationPlatforms) = preSolution
		Debug|Any CPU = Debug|Any CPU
		Release|Any CPU = Release|Any CPU
	EndGlobalSection
	GlobalSection(ProjectConfigurationPlatforms) = postSolution
		{7CE8AEDA-1850-4B76-8497-AFDFCCAE3CA0}.Debug|Any CPU.ActiveCfg = Debug|Any CPU
		{7CE8AEDA-1850-4B76-8497-AFDFCCAE3CA0}.Debug|Any CPU.Build.0 = Debug|Any CPU
		{7CE8AEDA-1850-4B76-8497-AFDFCCAE3CA0}.Release|Any CPU.ActiveCfg = Release|Any CPU
		{7CE8AEDA-1850-4B76-8497-AFDFCCAE3CA0}.Release|Any CPU.Build.0 = Release|Any CPU
		{02B9EE5B-C90C-48FB-B8C2-FE9C8A8F0190}.Debug|Any CPU.ActiveCfg = Debug|Any CPU
		{02B9EE5B-C90C-48FB-B8C2-FE9C8A8F0190}.Debug|Any CPU.Build.0 = Debug|Any CPU
		{02B9EE5B-C90C-48FB-B8C2-FE9C8A8F0190}.Release|Any CPU.ActiveCfg = Release|Any CPU
		{02B9EE5B-C90C-48FB-B8C2-FE9C8A8F0190}.Release|Any CPU.Build.0 = Release|Any CPU
		{EA4B8772-CA7F-480F-A0E9-829874DB8302}.Debug|Any CPU.ActiveCfg = Debug|Any CPU
		{EA4B8772-CA7F-480F-A0E9-829874DB8302}.Debug|Any CPU.Build.0 = Debug|Any CPU
		{EA4B8772-CA7F-480F-A0E9-829874DB8302}.Release|Any CPU.ActiveCfg = Release|Any CPU
		{EA4B8772-CA7F-480F-A0E9-829874DB8302}.Release|Any CPU.Build.0 = Release|Any CPU
		{4FA4D369-4963-4912-99D5-8D358BC6F47A}.Debug|Any CPU.ActiveCfg = Debug|Any CPU
		{4FA4D369-4963-4912-99D5-8D358BC6F47A}.Debug|Any CPU.Build.0 = Debug|Any CPU
		{4FA4D369-4963-4912-99D5-8D358BC6F47A}.Release|Any CPU.ActiveCfg = Release|Any CPU
		{4FA4D369-4963-4912-99D5-8D358BC6F47A}.Release|Any CPU.Build.0 = Release|Any CPU
		{3DA3B331-9F93-4FBC-A794-E54C47AE2B6F}.Debug|Any CPU.ActiveCfg = Debug|Any CPU
		{3DA3B331-9F93-4FBC-A794-E54C47AE2B6F}.Debug|Any CPU.Build.0 = Debug|Any CPU
		{3DA3B331-9F93-4FBC-A794-E54C47AE2B6F}.Release|Any CPU.ActiveCfg = Release|Any CPU
		{3DA3B331-9F93-4FBC-A794-E54C47AE2B6F}.Release|Any CPU.Build.0 = Release|Any CPU
		{06CF7150-E507-4C64-A58C-5BF9B0C5FC14}.Debug|Any CPU.ActiveCfg = Debug|Any CPU
		{06CF7150-E507-4C64-A58C-5BF9B0C5FC14}.Debug|Any CPU.Build.0 = Debug|Any CPU
		{06CF7150-E507-4C64-A58C-5BF9B0C5FC14}.Release|Any CPU.ActiveCfg = Release|Any CPU
		{06CF7150-E507-4C64-A58C-5BF9B0C5FC14}.Release|Any CPU.Build.0 = Release|Any CPU
		{AF915E9D-50F7-48F7-BDAA-E4F663A8CA29}.Debug|Any CPU.ActiveCfg = Debug|Any CPU
		{AF915E9D-50F7-48F7-BDAA-E4F663A8CA29}.Debug|Any CPU.Build.0 = Debug|Any CPU
		{AF915E9D-50F7-48F7-BDAA-E4F663A8CA29}.Release|Any CPU.ActiveCfg = Release|Any CPU
		{AF915E9D-50F7-48F7-BDAA-E4F663A8CA29}.Release|Any CPU.Build.0 = Release|Any CPU
		{2EEBE068-A499-49A6-9C83-F2AD048A687C}.Debug|Any CPU.ActiveCfg = Debug|Any CPU
		{2EEBE068-A499-49A6-9C83-F2AD048A687C}.Debug|Any CPU.Build.0 = Debug|Any CPU
		{2EEBE068-A499-49A6-9C83-F2AD048A687C}.Release|Any CPU.ActiveCfg = Release|Any CPU
		{2EEBE068-A499-49A6-9C83-F2AD048A687C}.Release|Any CPU.Build.0 = Release|Any CPU
		{6CB96996-1A6F-44B5-9F10-DBD6D2FDC9E0}.Debug|Any CPU.ActiveCfg = Debug|Any CPU
		{6CB96996-1A6F-44B5-9F10-DBD6D2FDC9E0}.Debug|Any CPU.Build.0 = Debug|Any CPU
		{6CB96996-1A6F-44B5-9F10-DBD6D2FDC9E0}.Release|Any CPU.ActiveCfg = Release|Any CPU
		{6CB96996-1A6F-44B5-9F10-DBD6D2FDC9E0}.Release|Any CPU.Build.0 = Release|Any CPU
	EndGlobalSection
	GlobalSection(SolutionProperties) = preSolution
		HideSolutionNode = FALSE
	EndGlobalSection
	GlobalSection(NestedProjects) = preSolution
		{444BB08A-2D9D-410C-B887-0C7E6BBD8E04} = {761DAF7D-1B64-40CE-AB3C-27D4AF6A74DA}
		{D5B9B420-009D-478C-A415-60B77231EFFD} = {761DAF7D-1B64-40CE-AB3C-27D4AF6A74DA}
		{C41532DC-4EF0-4C38-A162-0219CB91DF5C} = {444BB08A-2D9D-410C-B887-0C7E6BBD8E04}
		{53EAC2DF-3CDF-4992-9419-FA1D59E51DDD} = {444BB08A-2D9D-410C-B887-0C7E6BBD8E04}
		{BE972CA2-1E22-439B-9D7F-7B097EB56A87} = {444BB08A-2D9D-410C-B887-0C7E6BBD8E04}
		{B3CE4FB7-6DA2-4CF8-9B48-522A031DF85D} = {444BB08A-2D9D-410C-B887-0C7E6BBD8E04}
		{FFE05BEB-8AAE-4963-A7D2-0B754A86AB7E} = {444BB08A-2D9D-410C-B887-0C7E6BBD8E04}
		{7CE8AEDA-1850-4B76-8497-AFDFCCAE3CA0} = {C41532DC-4EF0-4C38-A162-0219CB91DF5C}
		{02B9EE5B-C90C-48FB-B8C2-FE9C8A8F0190} = {53EAC2DF-3CDF-4992-9419-FA1D59E51DDD}
		{EA4B8772-CA7F-480F-A0E9-829874DB8302} = {BE972CA2-1E22-439B-9D7F-7B097EB56A87}
		{4FA4D369-4963-4912-99D5-8D358BC6F47A} = {FFE05BEB-8AAE-4963-A7D2-0B754A86AB7E}
		{3DA3B331-9F93-4FBC-A794-E54C47AE2B6F} = {FFE05BEB-8AAE-4963-A7D2-0B754A86AB7E}
		{06CF7150-E507-4C64-A58C-5BF9B0C5FC14} = {B3CE4FB7-6DA2-4CF8-9B48-522A031DF85D}
		{AF915E9D-50F7-48F7-BDAA-E4F663A8CA29} = {B3CE4FB7-6DA2-4CF8-9B48-522A031DF85D}
		{2EEBE068-A499-49A6-9C83-F2AD048A687C} = {E4FCBF8D-6CBF-4BC8-B2BB-965513EE45E3}
	EndGlobalSection
EndGlobal
